
Microsoft Visual Studio Solution File, Format Version 12.00
# Visual Studio Version 17
VisualStudioVersion = 17.7.34018.315
MinimumVisualStudioVersion = 10.0.40219.1
Project("{FAE04EC0-301F-11D3-BF4B-00C04F79EFBC}") = "Chating Application", "Chating Application\Chating Application.csproj", "{88930C77-2AA7-4569-B7C8-6ED2CDBAD9FA}"
EndProject
Global
	GlobalSection(SolutionConfigurationPlatforms) = preSolution
		Debug|Any CPU = Debug|Any CPU
		Release|Any CPU = Release|Any CPU
	EndGlobalSection
	GlobalSection(ProjectConfigurationPlatforms) = postSolution
		{88930C77-2AA7-4569-B7C8-6ED2CDBAD9FA}.Debug|Any CPU.ActiveCfg = Debug|Any CPU
		{88930C77-2AA7-4569-B7C8-6ED2CDBAD9FA}.Debug|Any CPU.Build.0 = Debug|Any CPU
		{88930C77-2AA7-4569-B7C8-6ED2CDBAD9FA}.Release|Any CPU.ActiveCfg = Release|Any CPU
		{88930C77-2AA7-4569-B7C8-6ED2CDBAD9FA}.Release|Any CPU.Build.0 = Release|Any CPU
	EndGlobalSection
	GlobalSection(SolutionProperties) = preSolution
		HideSolutionNode = FALSE
	EndGlobalSection
	GlobalSection(ExtensibilityGlobals) = postSolution
		SolutionGuid = {C2202858-6609-434D-BAB6-348F1756D512}
	EndGlobalSection
EndGlobal
